
Microsoft Visual Studio Solution File, Format Version 12.00
# Visual Studio Version 17
VisualStudioVersion = 17.4.33403.182
MinimumVisualStudioVersion = 10.0.40219.1
Project("{2150E333-8FDC-42A3-9474-1A3956D46DE8}") = "Services", "Services", "{CAF4BC03-3AC8-4B9C-A47C-6C1FD49130E7}"
EndProject
Project("{2150E333-8FDC-42A3-9474-1A3956D46DE8}") = "Catalog", "Catalog", "{6F0993AE-2A98-4BB1-BECF-F5C2DE7BD8D9}"
EndProject
Project("{9A19103F-16F7-4668-BE54-9A1E7A4F7556}") = "ECourse.Services.Catalog", "Services\Catalog\ECourse.Services.Catalog\ECourse.Services.Catalog.csproj", "{9D6B6421-F3BC-4826-AE28-9263D6208F55}"
EndProject
Project("{2150E333-8FDC-42A3-9474-1A3956D46DE8}") = "Solution Items", "Solution Items", "{CD7E8434-19DA-4064-BF7A-7C9A5BC4A6A0}"
	ProjectSection(SolutionItems) = preProject
		Ports.txt = Ports.txt
	EndProjectSection
EndProject
Project("{2150E333-8FDC-42A3-9474-1A3956D46DE8}") = "Shared", "Shared", "{D3D20C6C-8721-417D-A382-455A5A0D7864}"
EndProject
Project("{9A19103F-16F7-4668-BE54-9A1E7A4F7556}") = "ECourse.Shared", "Shared\ECourse.Shared\ECourse.Shared.csproj", "{52667486-E8D0-4912-B5D1-21C7085D8498}"
EndProject
Project("{2150E333-8FDC-42A3-9474-1A3956D46DE8}") = "IdentityServer", "IdentityServer", "{4561FCBF-6988-4228-AAAA-92E943158A55}"
EndProject
Project("{9A19103F-16F7-4668-BE54-9A1E7A4F7556}") = "ECourse.IdentityServer", "IdentityServer\ECourse.IdentityServer\ECourse.IdentityServer.csproj", "{E30A5E09-9D13-4443-802D-15B7545A4CBA}"
EndProject
Project("{2150E333-8FDC-42A3-9474-1A3956D46DE8}") = "PhotoStock", "PhotoStock", "{CBEECB34-48A2-479E-8FD8-18F271C8E805}"
EndProject
Project("{9A19103F-16F7-4668-BE54-9A1E7A4F7556}") = "ECourse.Services.PhotoStock", "Services\PhotoStock\ECourse.Services.PhotoStock\ECourse.Services.PhotoStock.csproj", "{11AC0E0D-F38A-4D97-915A-18E1B1C0D316}"
EndProject
Project("{2150E333-8FDC-42A3-9474-1A3956D46DE8}") = "Basket", "Basket", "{A8121E06-66B1-4306-BBD4-7F3A6E6EF5B7}"
EndProject
Project("{9A19103F-16F7-4668-BE54-9A1E7A4F7556}") = "ECourse.Services.Basket", "Services\Basket\ECourse.Services.Basket\ECourse.Services.Basket.csproj", "{F5F03ADB-3829-4CE7-BBBD-0B8ABEE7FAEB}"
EndProject
Project("{2150E333-8FDC-42A3-9474-1A3956D46DE8}") = "Discount", "Discount", "{B29F5366-934F-41B3-BB42-ACCA12F56D6E}"
EndProject
Project("{9A19103F-16F7-4668-BE54-9A1E7A4F7556}") = "ECourse.Services.Discount", "Services\Discount\ECourse.Services.Discount\ECourse.Services.Discount.csproj", "{DA991C36-E3E3-4F0E-A272-B869A26FE665}"
EndProject
Project("{2150E333-8FDC-42A3-9474-1A3956D46DE8}") = "Order", "Order", "{529299D4-69F8-4E36-94D2-377DC1FDA8FC}"
EndProject
Project("{9A19103F-16F7-4668-BE54-9A1E7A4F7556}") = "ECourse.Services.Order.API", "Services\Order\ECourse.Services.Order.API\ECourse.Services.Order.API.csproj", "{D472BC00-250A-4DA7-BF3B-4BF5C21C8E70}"
EndProject
Project("{9A19103F-16F7-4668-BE54-9A1E7A4F7556}") = "ECourse.Services.Order.Application", "Services\Order\ECourse.Services.Order.Application\ECourse.Services.Order.Application.csproj", "{04B07A13-3697-4D44-82C4-A634894E70BC}"
EndProject
Project("{9A19103F-16F7-4668-BE54-9A1E7A4F7556}") = "ECourse.Services.Order.Domain", "Services\Order\Ecourse.Services.Order.Domain\ECourse.Services.Order.Domain.csproj", "{399C91FD-EE75-4B00-AA83-42DF60E56E84}"
EndProject
Project("{9A19103F-16F7-4668-BE54-9A1E7A4F7556}") = "ECourse.Services.Order.Domain.Core", "Services\Order\ECourse.Services.Order.Domain.Core\ECourse.Services.Order.Domain.Core.csproj", "{79D8C60D-6E43-43E5-96DB-48C653CB54A5}"
EndProject
Project("{9A19103F-16F7-4668-BE54-9A1E7A4F7556}") = "ECourse.Services.Order.Infrastructure", "Services\Order\ECourse.Services.Order.Infrastructure\ECourse.Services.Order.Infrastructure.csproj", "{79CD9811-F549-41DC-8C21-2B890F55815E}"
EndProject
Project("{2150E333-8FDC-42A3-9474-1A3956D46DE8}") = "FakePayment", "FakePayment", "{4C2EF2CD-4E73-4A28-B812-F829C92B0223}"
EndProject
Project("{FAE04EC0-301F-11D3-BF4B-00C04F79EFBC}") = "ECourse.Services.FakePayment", "Services\FakePayment\ECourse.Services.FakePayment\ECourse.Services.FakePayment.csproj", "{0F835DDB-9FA1-4A2C-8C44-861D997C6637}"
EndProject
Project("{2150E333-8FDC-42A3-9474-1A3956D46DE8}") = "Gateways", "Gateways", "{DFE595B5-E417-498B-BEBF-DF8D5C3E23B6}"
EndProject
Project("{FAE04EC0-301F-11D3-BF4B-00C04F79EFBC}") = "ECourse.Gateway", "ECourse.Gateway\ECourse.Gateway.csproj", "{42C3D755-D2A7-43C2-85B7-1E2A7CFBA518}"
EndProject
Global
	GlobalSection(SolutionConfigurationPlatforms) = preSolution
		Debug|Any CPU = Debug|Any CPU
		Release|Any CPU = Release|Any CPU
	EndGlobalSection
	GlobalSection(ProjectConfigurationPlatforms) = postSolution
		{9D6B6421-F3BC-4826-AE28-9263D6208F55}.Debug|Any CPU.ActiveCfg = Debug|Any CPU
		{9D6B6421-F3BC-4826-AE28-9263D6208F55}.Debug|Any CPU.Build.0 = Debug|Any CPU
		{9D6B6421-F3BC-4826-AE28-9263D6208F55}.Release|Any CPU.ActiveCfg = Release|Any CPU
		{9D6B6421-F3BC-4826-AE28-9263D6208F55}.Release|Any CPU.Build.0 = Release|Any CPU
		{52667486-E8D0-4912-B5D1-21C7085D8498}.Debug|Any CPU.ActiveCfg = Debug|Any CPU
		{52667486-E8D0-4912-B5D1-21C7085D8498}.Debug|Any CPU.Build.0 = Debug|Any CPU
		{52667486-E8D0-4912-B5D1-21C7085D8498}.Release|Any CPU.ActiveCfg = Release|Any CPU
		{52667486-E8D0-4912-B5D1-21C7085D8498}.Release|Any CPU.Build.0 = Release|Any CPU
		{E30A5E09-9D13-4443-802D-15B7545A4CBA}.Debug|Any CPU.ActiveCfg = Debug|Any CPU
		{E30A5E09-9D13-4443-802D-15B7545A4CBA}.Debug|Any CPU.Build.0 = Debug|Any CPU
		{E30A5E09-9D13-4443-802D-15B7545A4CBA}.Release|Any CPU.ActiveCfg = Release|Any CPU
		{E30A5E09-9D13-4443-802D-15B7545A4CBA}.Release|Any CPU.Build.0 = Release|Any CPU
		{11AC0E0D-F38A-4D97-915A-18E1B1C0D316}.Debug|Any CPU.ActiveCfg = Debug|Any CPU
		{11AC0E0D-F38A-4D97-915A-18E1B1C0D316}.Debug|Any CPU.Build.0 = Debug|Any CPU
		{11AC0E0D-F38A-4D97-915A-18E1B1C0D316}.Release|Any CPU.ActiveCfg = Release|Any CPU
		{11AC0E0D-F38A-4D97-915A-18E1B1C0D316}.Release|Any CPU.Build.0 = Release|Any CPU
		{F5F03ADB-3829-4CE7-BBBD-0B8ABEE7FAEB}.Debug|Any CPU.ActiveCfg = Debug|Any CPU
		{F5F03ADB-3829-4CE7-BBBD-0B8ABEE7FAEB}.Debug|Any CPU.Build.0 = Debug|Any CPU
		{F5F03ADB-3829-4CE7-BBBD-0B8ABEE7FAEB}.Release|Any CPU.ActiveCfg = Release|Any CPU
		{F5F03ADB-3829-4CE7-BBBD-0B8ABEE7FAEB}.Release|Any CPU.Build.0 = Release|Any CPU
		{DA991C36-E3E3-4F0E-A272-B869A26FE665}.Debug|Any CPU.ActiveCfg = Debug|Any CPU
		{DA991C36-E3E3-4F0E-A272-B869A26FE665}.Debug|Any CPU.Build.0 = Debug|Any CPU
		{DA991C36-E3E3-4F0E-A272-B869A26FE665}.Release|Any CPU.ActiveCfg = Release|Any CPU
		{DA991C36-E3E3-4F0E-A272-B869A26FE665}.Release|Any CPU.Build.0 = Release|Any CPU
		{D472BC00-250A-4DA7-BF3B-4BF5C21C8E70}.Debug|Any CPU.ActiveCfg = Debug|Any CPU
		{D472BC00-250A-4DA7-BF3B-4BF5C21C8E70}.Debug|Any CPU.Build.0 = Debug|Any CPU
		{D472BC00-250A-4DA7-BF3B-4BF5C21C8E70}.Release|Any CPU.ActiveCfg = Release|Any CPU
		{D472BC00-250A-4DA7-BF3B-4BF5C21C8E70}.Release|Any CPU.Build.0 = Release|Any CPU
		{04B07A13-3697-4D44-82C4-A634894E70BC}.Debug|Any CPU.ActiveCfg = Debug|Any CPU
		{04B07A13-3697-4D44-82C4-A634894E70BC}.Debug|Any CPU.Build.0 = Debug|Any CPU
		{04B07A13-3697-4D44-82C4-A634894E70BC}.Release|Any CPU.ActiveCfg = Release|Any CPU
		{04B07A13-3697-4D44-82C4-A634894E70BC}.Release|Any CPU.Build.0 = Release|Any CPU
		{399C91FD-EE75-4B00-AA83-42DF60E56E84}.Debug|Any CPU.ActiveCfg = Debug|Any CPU
		{399C91FD-EE75-4B00-AA83-42DF60E56E84}.Debug|Any CPU.Build.0 = Debug|Any CPU
		{399C91FD-EE75-4B00-AA83-42DF60E56E84}.Release|Any CPU.ActiveCfg = Release|Any CPU
		{399C91FD-EE75-4B00-AA83-42DF60E56E84}.Release|Any CPU.Build.0 = Release|Any CPU
		{79D8C60D-6E43-43E5-96DB-48C653CB54A5}.Debug|Any CPU.ActiveCfg = Debug|Any CPU
		{79D8C60D-6E43-43E5-96DB-48C653CB54A5}.Debug|Any CPU.Build.0 = Debug|Any CPU
		{79D8C60D-6E43-43E5-96DB-48C653CB54A5}.Release|Any CPU.ActiveCfg = Release|Any CPU
		{79D8C60D-6E43-43E5-96DB-48C653CB54A5}.Release|Any CPU.Build.0 = Release|Any CPU
		{79CD9811-F549-41DC-8C21-2B890F55815E}.Debug|Any CPU.ActiveCfg = Debug|Any CPU
		{79CD9811-F549-41DC-8C21-2B890F55815E}.Debug|Any CPU.Build.0 = Debug|Any CPU
		{79CD9811-F549-41DC-8C21-2B890F55815E}.Release|Any CPU.ActiveCfg = Release|Any CPU
		{79CD9811-F549-41DC-8C21-2B890F55815E}.Release|Any CPU.Build.0 = Release|Any CPU
		{0F835DDB-9FA1-4A2C-8C44-861D997C6637}.Debug|Any CPU.ActiveCfg = Debug|Any CPU
		{0F835DDB-9FA1-4A2C-8C44-861D997C6637}.Debug|Any CPU.Build.0 = Debug|Any CPU
		{0F835DDB-9FA1-4A2C-8C44-861D997C6637}.Release|Any CPU.ActiveCfg = Release|Any CPU
		{0F835DDB-9FA1-4A2C-8C44-861D997C6637}.Release|Any CPU.Build.0 = Release|Any CPU
		{42C3D755-D2A7-43C2-85B7-1E2A7CFBA518}.Debug|Any CPU.ActiveCfg = Debug|Any CPU
		{42C3D755-D2A7-43C2-85B7-1E2A7CFBA518}.Debug|Any CPU.Build.0 = Debug|Any CPU
		{42C3D755-D2A7-43C2-85B7-1E2A7CFBA518}.Release|Any CPU.ActiveCfg = Release|Any CPU
		{42C3D755-D2A7-43C2-85B7-1E2A7CFBA518}.Release|Any CPU.Build.0 = Release|Any CPU
	EndGlobalSection
	GlobalSection(SolutionProperties) = preSolution
		HideSolutionNode = FALSE
	EndGlobalSection
	GlobalSection(NestedProjects) = preSolution
		{6F0993AE-2A98-4BB1-BECF-F5C2DE7BD8D9} = {CAF4BC03-3AC8-4B9C-A47C-6C1FD49130E7}
		{9D6B6421-F3BC-4826-AE28-9263D6208F55} = {6F0993AE-2A98-4BB1-BECF-F5C2DE7BD8D9}
		{52667486-E8D0-4912-B5D1-21C7085D8498} = {D3D20C6C-8721-417D-A382-455A5A0D7864}
		{E30A5E09-9D13-4443-802D-15B7545A4CBA} = {4561FCBF-6988-4228-AAAA-92E943158A55}
		{CBEECB34-48A2-479E-8FD8-18F271C8E805} = {CAF4BC03-3AC8-4B9C-A47C-6C1FD49130E7}
		{11AC0E0D-F38A-4D97-915A-18E1B1C0D316} = {CBEECB34-48A2-479E-8FD8-18F271C8E805}
		{A8121E06-66B1-4306-BBD4-7F3A6E6EF5B7} = {CAF4BC03-3AC8-4B9C-A47C-6C1FD49130E7}
		{F5F03ADB-3829-4CE7-BBBD-0B8ABEE7FAEB} = {A8121E06-66B1-4306-BBD4-7F3A6E6EF5B7}
		{B29F5366-934F-41B3-BB42-ACCA12F56D6E} = {CAF4BC03-3AC8-4B9C-A47C-6C1FD49130E7}
		{DA991C36-E3E3-4F0E-A272-B869A26FE665} = {B29F5366-934F-41B3-BB42-ACCA12F56D6E}
		{529299D4-69F8-4E36-94D2-377DC1FDA8FC} = {CAF4BC03-3AC8-4B9C-A47C-6C1FD49130E7}
		{D472BC00-250A-4DA7-BF3B-4BF5C21C8E70} = {529299D4-69F8-4E36-94D2-377DC1FDA8FC}
		{04B07A13-3697-4D44-82C4-A634894E70BC} = {529299D4-69F8-4E36-94D2-377DC1FDA8FC}
		{399C91FD-EE75-4B00-AA83-42DF60E56E84} = {529299D4-69F8-4E36-94D2-377DC1FDA8FC}
		{79D8C60D-6E43-43E5-96DB-48C653CB54A5} = {529299D4-69F8-4E36-94D2-377DC1FDA8FC}
		{79CD9811-F549-41DC-8C21-2B890F55815E} = {529299D4-69F8-4E36-94D2-377DC1FDA8FC}
		{4C2EF2CD-4E73-4A28-B812-F829C92B0223} = {CAF4BC03-3AC8-4B9C-A47C-6C1FD49130E7}
		{0F835DDB-9FA1-4A2C-8C44-861D997C6637} = {4C2EF2CD-4E73-4A28-B812-F829C92B0223}
		{42C3D755-D2A7-43C2-85B7-1E2A7CFBA518} = {DFE595B5-E417-498B-BEBF-DF8D5C3E23B6}
	EndGlobalSection
	GlobalSection(ExtensibilityGlobals) = postSolution
		SolutionGuid = {A84C3CB0-82E7-478F-A5E0-270AA4CBE7CC}
	EndGlobalSection
EndGlobal
